{
  "name": "lang-app",
  "version": "0.1.0",
  "lockfileVersion": 1,
  "requires": true,
  "dependencies": {
    "@namics/stylelint-bem": {
      "version": "5.1.1",
      "resolved": "https://registry.npmjs.org/@namics/stylelint-bem/-/stylelint-bem-5.1.1.tgz",
      "integrity": "sha512-bKH/48dromltPhhMnauhI39Znh4p2Nno7TtNHwtQ3yzpOt70m/5tLn8+AySVxf98kIZi35QovRtUQmecWBrogg==",
      "dev": true,
      "requires": {
        "css-selector-classes": "0.1.2",
        "postcss-resolve-nested-selector": "0.1.1"
      }
    },
    "array-uniq": {
      "version": "1.0.3",
      "resolved": "https://registry.npmjs.org/array-uniq/-/array-uniq-1.0.3.tgz",
      "integrity": "sha1-r2rId6Jcx/dOBYiUdThY39sk/bY=",
      "dev": true
    },
    "css-selector-classes": {
      "version": "0.1.2",
      "resolved": "https://registry.npmjs.org/css-selector-classes/-/css-selector-classes-0.1.2.tgz",
      "integrity": "sha1-JAPY5WAQHIKcXx35MIAyp6Qfw3Y=",
      "dev": true,
      "requires": {
        "array-uniq": "1.0.3",
        "css-selector-parser": "1.0.4"
      }
    },
    "css-selector-parser": {
      "version": "1.0.4",
      "resolved": "https://registry.npmjs.org/css-selector-parser/-/css-selector-parser-1.0.4.tgz",
      "integrity": "sha1-Zd/mFL1f0XW2Sgo/GTuHD8V5B3M=",
      "dev": true
    },
    "postcss-resolve-nested-selector": {
      "version": "0.1.1",
      "resolved": "https://registry.npmjs.org/postcss-resolve-nested-selector/-/postcss-resolve-nested-selector-0.1.1.tgz",
      "integrity": "sha1-Kcy8fDfe36wwTp//C/FZaz9qDk4=",
      "dev": true
    }
  }
}
